{
  "name": "merge-2",
  "version": "1.0.0",
  "lockfileVersion": 3,
  "requires": true,
  "packages": {
    "": {
      "name": "merge-2",
      "version": "1.0.0",
      "license": "ISC",
      "dependencies": {
        "interactjs": "^1.10.20",
        "papaparse": "^5.4.1"
      }
    },
    "node_modules/@interactjs/types": {
      "version": "1.10.20",
      "resolved": "https://registry.npmjs.org/@interactjs/types/-/types-1.10.20.tgz",
      "integrity": "sha512-59QRmyawJCCSx9H9tE7MaIC9dYprc27vspJ+zvwfIpt1/ZmosM64c1XiqM3Z2/FZ2/C5BTGZ/bJJLEokr56aJg=="
    },
    "node_modules/interactjs": {
      "version": "1.10.20",
      "resolved": "https://registry.npmjs.org/interactjs/-/interactjs-1.10.20.tgz",
      "integrity": "sha512-jNFZiuBUL/j9Kkv6c89l+v5NpOn1m2LE8t7TrQOQBpBaYObYG6y6FHfqIMlF2XEcR6gCFLUQGQ3F0qBjqUMZvQ==",
      "dependencies": {
        "@interactjs/types": "1.10.20"
      }
    },
    "node_modules/papaparse": {
      "version": "5.4.1",
      "resolved": "https://registry.npmjs.org/papaparse/-/papaparse-5.4.1.tgz",
      "integrity": "sha512-HipMsgJkZu8br23pW15uvo6sib6wne/4woLZPlFf3rpDyMe9ywEXUsuD7+6K9PRkJlVT51j/sCOYDKGGS3ZJrw=="
    }
  }
}
